{
  "name": "Node",
  "version": "1.0.0",
  "lockfileVersion": 1,
  "requires": true,
  "dependencies": {
    "bootstrap": {
      "version": "5.1.0",
      "resolved": "https://bin.swisscom.com/api/npm/sdx-npm-virtual/bootstrap/-/bootstrap-5.1.0.tgz",
      "integrity": "sha1-VD749E9LmvZ7AjDxlQhUL+w471U="
    },
    "lodash": {
      "version": "4.17.21",
      "resolved": "https://bin.swisscom.com/api/npm/sdx-npm-virtual/lodash/-/lodash-4.17.21.tgz",
      "integrity": "sha1-Z5WRxWTDv/quhFTPCz3zcMPWkRw="
    }
  }
}
